
Microsoft Visual Studio Solution File, Format Version 11.00
# Visual Studio 2010
Project("{FAE04EC0-301F-11D3-BF4B-00C04F79EFBC}") = "Sem.GenericHelpers.Contracts", "Sem.GenericHelpers.Contracts\Sem.GenericHelpers.Contracts.csproj", "{634063B0-5E2A-41EC-BF35-3414D9024882}"
EndProject
Project("{FAE04EC0-301F-11D3-BF4B-00C04F79EFBC}") = "Sem.Sample.Contracts", "Sem.Sample.Contracts\Sem.Sample.Contracts.csproj", "{46DAA166-1C0A-40CB-859B-A736674B4342}"
EndProject
Project("{FAE04EC0-301F-11D3-BF4B-00C04F79EFBC}") = "Sem.Test.GenericHelpers.Contracts", "Sem.Test.GenericHelpers.Contracts\Sem.Test.GenericHelpers.Contracts.csproj", "{288EE41A-94F9-460C-90AD-D9CBBD6E95A4}"
EndProject
Project("{2150E333-8FDC-42A3-9474-1A3956D46DE8}") = "Solution Items", "Solution Items", "{8FFDD1BC-8358-4AA0-BAA7-E9AE27FF50D3}"
	ProjectSection(SolutionItems) = preProject
		fullunittest.testsettings = fullunittest.testsettings
		Sem.GenericHelpers.Contracts.vsmdi = Sem.GenericHelpers.Contracts.vsmdi
		Settings.StyleCop = Settings.StyleCop
	EndProjectSection
EndProject
Project("{2150E333-8FDC-42A3-9474-1A3956D46DE8}") = "Documentation", "Documentation", "{6FB3B78A-1751-4DD9-A0E2-F84CCA1F1663}"
	ProjectSection(SolutionItems) = preProject
		Sem.GenericHelpers.Contracts.Documentation\Sem.GenericHelpers.Contracts.Documentation.shfbproj = Sem.GenericHelpers.Contracts.Documentation\Sem.GenericHelpers.Contracts.Documentation.shfbproj
	EndProjectSection
EndProject
Global
	GlobalSection(TeamFoundationVersionControl) = preSolution
		SccNumberOfProjects = 4
		SccEnterpriseProvider = {4CA58AB2-18FA-4F8D-95D4-32DDF27D184C}
		SccTeamFoundationServer = https://tfs.codeplex.com/tfs/tfs15
		SccLocalPath0 = .
		SccProjectUniqueName1 = Sem.GenericHelpers.Contracts\\Sem.GenericHelpers.Contracts.csproj
		SccProjectName1 = Sem.GenericHelpers.Contracts
		SccLocalPath1 = Sem.GenericHelpers.Contracts
		SccProjectUniqueName2 = Sem.Sample.Contracts\\Sem.Sample.Contracts.csproj
		SccProjectName2 = Sem.Sample.Contracts
		SccLocalPath2 = Sem.Sample.Contracts
		SccProjectUniqueName3 = Sem.Test.GenericHelpers.Contracts\\Sem.Test.GenericHelpers.Contracts.csproj
		SccProjectName3 = Sem.Test.GenericHelpers.Contracts
		SccLocalPath3 = Sem.Test.GenericHelpers.Contracts
	EndGlobalSection
	GlobalSection(TestCaseManagementSettings) = postSolution
		CategoryFile = Sem.GenericHelpers.Contracts.vsmdi
	EndGlobalSection
	GlobalSection(SolutionConfigurationPlatforms) = preSolution
		Debug|Any CPU = Debug|Any CPU
		Debug|Mixed Platforms = Debug|Mixed Platforms
		Debug|x86 = Debug|x86
		Release|Any CPU = Release|Any CPU
		Release|Mixed Platforms = Release|Mixed Platforms
		Release|x86 = Release|x86
	EndGlobalSection
	GlobalSection(ProjectConfigurationPlatforms) = postSolution
		{634063B0-5E2A-41EC-BF35-3414D9024882}.Debug|Any CPU.ActiveCfg = Debug|Any CPU
		{634063B0-5E2A-41EC-BF35-3414D9024882}.Debug|Any CPU.Build.0 = Debug|Any CPU
		{634063B0-5E2A-41EC-BF35-3414D9024882}.Debug|Mixed Platforms.ActiveCfg = Debug|Any CPU
		{634063B0-5E2A-41EC-BF35-3414D9024882}.Debug|Mixed Platforms.Build.0 = Debug|Any CPU
		{634063B0-5E2A-41EC-BF35-3414D9024882}.Debug|x86.ActiveCfg = Debug|Any CPU
		{634063B0-5E2A-41EC-BF35-3414D9024882}.Release|Any CPU.ActiveCfg = Release|Any CPU
		{634063B0-5E2A-41EC-BF35-3414D9024882}.Release|Any CPU.Build.0 = Release|Any CPU
		{634063B0-5E2A-41EC-BF35-3414D9024882}.Release|Mixed Platforms.ActiveCfg = Release|Any CPU
		{634063B0-5E2A-41EC-BF35-3414D9024882}.Release|Mixed Platforms.Build.0 = Release|Any CPU
		{634063B0-5E2A-41EC-BF35-3414D9024882}.Release|x86.ActiveCfg = Release|Any CPU
		{46DAA166-1C0A-40CB-859B-A736674B4342}.Debug|Any CPU.ActiveCfg = Debug|x86
		{46DAA166-1C0A-40CB-859B-A736674B4342}.Debug|Mixed Platforms.ActiveCfg = Debug|x86
		{46DAA166-1C0A-40CB-859B-A736674B4342}.Debug|Mixed Platforms.Build.0 = Debug|x86
		{46DAA166-1C0A-40CB-859B-A736674B4342}.Debug|x86.ActiveCfg = Debug|x86
		{46DAA166-1C0A-40CB-859B-A736674B4342}.Debug|x86.Build.0 = Debug|x86
		{46DAA166-1C0A-40CB-859B-A736674B4342}.Release|Any CPU.ActiveCfg = Release|x86
		{46DAA166-1C0A-40CB-859B-A736674B4342}.Release|Mixed Platforms.ActiveCfg = Release|x86
		{46DAA166-1C0A-40CB-859B-A736674B4342}.Release|Mixed Platforms.Build.0 = Release|x86
		{46DAA166-1C0A-40CB-859B-A736674B4342}.Release|x86.ActiveCfg = Release|x86
		{46DAA166-1C0A-40CB-859B-A736674B4342}.Release|x86.Build.0 = Release|x86
		{288EE41A-94F9-460C-90AD-D9CBBD6E95A4}.Debug|Any CPU.ActiveCfg = Debug|Any CPU
		{288EE41A-94F9-460C-90AD-D9CBBD6E95A4}.Debug|Any CPU.Build.0 = Debug|Any CPU
		{288EE41A-94F9-460C-90AD-D9CBBD6E95A4}.Debug|Mixed Platforms.ActiveCfg = Debug|Any CPU
		{288EE41A-94F9-460C-90AD-D9CBBD6E95A4}.Debug|Mixed Platforms.Build.0 = Debug|Any CPU
		{288EE41A-94F9-460C-90AD-D9CBBD6E95A4}.Debug|x86.ActiveCfg = Debug|Any CPU
		{288EE41A-94F9-460C-90AD-D9CBBD6E95A4}.Release|Any CPU.ActiveCfg = Release|Any CPU
		{288EE41A-94F9-460C-90AD-D9CBBD6E95A4}.Release|Any CPU.Build.0 = Release|Any CPU
		{288EE41A-94F9-460C-90AD-D9CBBD6E95A4}.Release|Mixed Platforms.ActiveCfg = Release|Any CPU
		{288EE41A-94F9-460C-90AD-D9CBBD6E95A4}.Release|Mixed Platforms.Build.0 = Release|Any CPU
		{288EE41A-94F9-460C-90AD-D9CBBD6E95A4}.Release|x86.ActiveCfg = Release|Any CPU
	EndGlobalSection
	GlobalSection(SolutionProperties) = preSolution
		HideSolutionNode = FALSE
	EndGlobalSection
EndGlobal
