
Microsoft Visual Studio Solution File, Format Version 12.00
# Visual Studio 2012
Project("{FAE04EC0-301F-11D3-BF4B-00C04F79EFBC}") = "Sem.GenericHelpers.Contracts", "Sem.GenericHelpers.Contracts\Sem.GenericHelpers.Contracts.csproj", "{634063B0-5E2A-41EC-BF35-3414D9024882}"
EndProject
Project("{FAE04EC0-301F-11D3-BF4B-00C04F79EFBC}") = "Sem.Sample.Contracts", "Sem.Sample.Contracts\Sem.Sample.Contracts.csproj", "{46DAA166-1C0A-40CB-859B-A736674B4342}"
EndProject
Project("{FAE04EC0-301F-11D3-BF4B-00C04F79EFBC}") = "Sem.Test.GenericHelpers.Contracts", "Sem.Test.GenericHelpers.Contracts\Sem.Test.GenericHelpers.Contracts.csproj", "{288EE41A-94F9-460C-90AD-D9CBBD6E95A4}"
EndProject
Project("{2150E333-8FDC-42A3-9474-1A3956D46DE8}") = "Solution Items", "Solution Items", "{8FFDD1BC-8358-4AA0-BAA7-E9AE27FF50D3}"
	ProjectSection(SolutionItems) = preProject
		fullunittest.testsettings = fullunittest.testsettings
		Interceptors.testsettings = Interceptors.testsettings
		Sem.GenericHelpers.Contracts.vsmdi = Sem.GenericHelpers.Contracts.vsmdi
		Settings.StyleCop = Settings.StyleCop
	EndProjectSection
EndProject
Project("{2150E333-8FDC-42A3-9474-1A3956D46DE8}") = "Documentation", "Documentation", "{6FB3B78A-1751-4DD9-A0E2-F84CCA1F1663}"
	ProjectSection(SolutionItems) = preProject
		Sem.GenericHelpers.Contracts.Documentation\Sem.GenericHelpers.Contracts.Documentation.shfbproj = Sem.GenericHelpers.Contracts.Documentation\Sem.GenericHelpers.Contracts.Documentation.shfbproj
	EndProjectSection
EndProject
Project("{FAE04EC0-301F-11D3-BF4B-00C04F79EFBC}") = "Sem.GenericHelpers.Contracts.Unity", "Sem.GenericHelpers.Contracts.Unity\Sem.GenericHelpers.Contracts.Unity.csproj", "{F1B3053F-CA67-429F-AD7A-C382F8E9E1AB}"
EndProject
Project("{FAE04EC0-301F-11D3-BF4B-00C04F79EFBC}") = "Sem.Test.GenericHelpers.Contracts.Unity", "Sem.Test.GenericHelpers.Contracts.Unity\Sem.Test.GenericHelpers.Contracts.Unity.csproj", "{76F89DD7-E1CB-413B-8BBD-AB12C0B7D1E0}"
EndProject
Project("{FAE04EC0-301F-11D3-BF4B-00C04F79EFBC}") = "Sem.GenericHelpers.Unity.Interceptors", "Sem.GenericHelpers.Unity.Interceptors\Sem.GenericHelpers.Unity.Interceptors.csproj", "{4BAAF82B-552C-4C83-A92A-3546E6A3E4CB}"
EndProject
Project("{FAE04EC0-301F-11D3-BF4B-00C04F79EFBC}") = "Sem.Test.GenericHelpers.Unity.Interceptors", "Sem.Test.GenericHelpers.Unity.Interceptors\Sem.Test.GenericHelpers.Unity.Interceptors.csproj", "{9A202139-0494-4CB5-94CF-8136EC0084AB}"
EndProject
Project("{FAE04EC0-301F-11D3-BF4B-00C04F79EFBC}") = "Sem.GenericHelpers", "Sem.GenericHelpers\Sem.GenericHelpers.csproj", "{02698DF9-903F-4870-A482-F2F5E00928F2}"
EndProject
Project("{FAE04EC0-301F-11D3-BF4B-00C04F79EFBC}") = "Sem.GenericHelpers.IO", "Sem.GenericHelpers.IO\Sem.GenericHelpers.IO.csproj", "{3303303E-46C0-4D43-8D4E-F7C852B6668A}"
EndProject
Project("{FAE04EC0-301F-11D3-BF4B-00C04F79EFBC}") = "Sem.Test.GenericHelpers.IO", "Sem.Test.GenericHelpers.IO\Sem.Test.GenericHelpers.IO.csproj", "{013E1DA5-0298-4B52-AE49-276B41B4FBCB}"
EndProject
Global
	GlobalSection(TeamFoundationVersionControl) = preSolution
		SccNumberOfProjects = 11
		SccEnterpriseProvider = {4CA58AB2-18FA-4F8D-95D4-32DDF27D184C}
		SccTeamFoundationServer = https://tfs.codeplex.com/tfs/tfs15
		SccLocalPath0 = .
		SccProjectUniqueName1 = Sem.GenericHelpers.Contracts\\Sem.GenericHelpers.Contracts.csproj
		SccProjectName1 = Sem.GenericHelpers.Contracts
		SccLocalPath1 = Sem.GenericHelpers.Contracts
		SccProjectUniqueName2 = Sem.Sample.Contracts\\Sem.Sample.Contracts.csproj
		SccProjectName2 = Sem.Sample.Contracts
		SccLocalPath2 = Sem.Sample.Contracts
		SccProjectUniqueName3 = Sem.Test.GenericHelpers.Contracts\\Sem.Test.GenericHelpers.Contracts.csproj
		SccProjectName3 = Sem.Test.GenericHelpers.Contracts
		SccLocalPath3 = Sem.Test.GenericHelpers.Contracts
		SccProjectUniqueName4 = Sem.GenericHelpers.Contracts.Unity\\Sem.GenericHelpers.Contracts.Unity.csproj
		SccProjectName4 = Sem.GenericHelpers.Contracts.Unity
		SccLocalPath4 = Sem.GenericHelpers.Contracts.Unity
		SccProjectUniqueName5 = Sem.Test.GenericHelpers.Contracts.Unity\\Sem.Test.GenericHelpers.Contracts.Unity.csproj
		SccProjectName5 = Sem.Test.GenericHelpers.Contracts.Unity
		SccLocalPath5 = Sem.Test.GenericHelpers.Contracts.Unity
		SccProjectUniqueName6 = Sem.GenericHelpers.Unity.Interceptors\\Sem.GenericHelpers.Unity.Interceptors.csproj
		SccProjectName6 = Sem.GenericHelpers.Unity.Interceptors
		SccLocalPath6 = Sem.GenericHelpers.Unity.Interceptors
		SccProjectUniqueName7 = Sem.Test.GenericHelpers.Unity.Interceptors\\Sem.Test.GenericHelpers.Unity.Interceptors.csproj
		SccProjectName7 = Sem.Test.GenericHelpers.Unity.Interceptors
		SccLocalPath7 = Sem.Test.GenericHelpers.Unity.Interceptors
		SccProjectUniqueName8 = Sem.GenericHelpers\\Sem.GenericHelpers.csproj
		SccProjectName8 = Sem.GenericHelpers
		SccLocalPath8 = Sem.GenericHelpers
		SccProjectUniqueName9 = Sem.GenericHelpers.IO\\Sem.GenericHelpers.IO.csproj
		SccProjectName9 = Sem.GenericHelpers.IO
		SccLocalPath9 = Sem.GenericHelpers.IO
		SccProjectUniqueName10 = Sem.Test.GenericHelpers.IO\\Sem.Test.GenericHelpers.IO.csproj
		SccProjectName10 = Sem.Test.GenericHelpers.IO
		SccLocalPath10 = Sem.Test.GenericHelpers.IO
	EndGlobalSection
	GlobalSection(TestCaseManagementSettings) = postSolution
		CategoryFile = Sem.GenericHelpers.Contracts.vsmdi
	EndGlobalSection
	GlobalSection(SolutionConfigurationPlatforms) = preSolution
		Debug|Any CPU = Debug|Any CPU
		Debug|Mixed Platforms = Debug|Mixed Platforms
		Debug|x86 = Debug|x86
		Release|Any CPU = Release|Any CPU
		Release|Mixed Platforms = Release|Mixed Platforms
		Release|x86 = Release|x86
	EndGlobalSection
	GlobalSection(ProjectConfigurationPlatforms) = postSolution
		{634063B0-5E2A-41EC-BF35-3414D9024882}.Debug|Any CPU.ActiveCfg = Debug|Any CPU
		{634063B0-5E2A-41EC-BF35-3414D9024882}.Debug|Any CPU.Build.0 = Debug|Any CPU
		{634063B0-5E2A-41EC-BF35-3414D9024882}.Debug|Mixed Platforms.ActiveCfg = Debug|Any CPU
		{634063B0-5E2A-41EC-BF35-3414D9024882}.Debug|Mixed Platforms.Build.0 = Debug|Any CPU
		{634063B0-5E2A-41EC-BF35-3414D9024882}.Debug|x86.ActiveCfg = Debug|Any CPU
		{634063B0-5E2A-41EC-BF35-3414D9024882}.Release|Any CPU.ActiveCfg = Release|Any CPU
		{634063B0-5E2A-41EC-BF35-3414D9024882}.Release|Any CPU.Build.0 = Release|Any CPU
		{634063B0-5E2A-41EC-BF35-3414D9024882}.Release|Mixed Platforms.ActiveCfg = Release|Any CPU
		{634063B0-5E2A-41EC-BF35-3414D9024882}.Release|Mixed Platforms.Build.0 = Release|Any CPU
		{634063B0-5E2A-41EC-BF35-3414D9024882}.Release|x86.ActiveCfg = Release|Any CPU
		{46DAA166-1C0A-40CB-859B-A736674B4342}.Debug|Any CPU.ActiveCfg = Debug|x86
		{46DAA166-1C0A-40CB-859B-A736674B4342}.Debug|Mixed Platforms.ActiveCfg = Debug|x86
		{46DAA166-1C0A-40CB-859B-A736674B4342}.Debug|Mixed Platforms.Build.0 = Debug|x86
		{46DAA166-1C0A-40CB-859B-A736674B4342}.Debug|x86.ActiveCfg = Debug|x86
		{46DAA166-1C0A-40CB-859B-A736674B4342}.Debug|x86.Build.0 = Debug|x86
		{46DAA166-1C0A-40CB-859B-A736674B4342}.Release|Any CPU.ActiveCfg = Release|x86
		{46DAA166-1C0A-40CB-859B-A736674B4342}.Release|Mixed Platforms.ActiveCfg = Release|x86
		{46DAA166-1C0A-40CB-859B-A736674B4342}.Release|Mixed Platforms.Build.0 = Release|x86
		{46DAA166-1C0A-40CB-859B-A736674B4342}.Release|x86.ActiveCfg = Release|x86
		{46DAA166-1C0A-40CB-859B-A736674B4342}.Release|x86.Build.0 = Release|x86
		{288EE41A-94F9-460C-90AD-D9CBBD6E95A4}.Debug|Any CPU.ActiveCfg = Debug|Any CPU
		{288EE41A-94F9-460C-90AD-D9CBBD6E95A4}.Debug|Any CPU.Build.0 = Debug|Any CPU
		{288EE41A-94F9-460C-90AD-D9CBBD6E95A4}.Debug|Mixed Platforms.ActiveCfg = Debug|Any CPU
		{288EE41A-94F9-460C-90AD-D9CBBD6E95A4}.Debug|Mixed Platforms.Build.0 = Debug|Any CPU
		{288EE41A-94F9-460C-90AD-D9CBBD6E95A4}.Debug|x86.ActiveCfg = Debug|Any CPU
		{288EE41A-94F9-460C-90AD-D9CBBD6E95A4}.Release|Any CPU.ActiveCfg = Release|Any CPU
		{288EE41A-94F9-460C-90AD-D9CBBD6E95A4}.Release|Any CPU.Build.0 = Release|Any CPU
		{288EE41A-94F9-460C-90AD-D9CBBD6E95A4}.Release|Mixed Platforms.ActiveCfg = Release|Any CPU
		{288EE41A-94F9-460C-90AD-D9CBBD6E95A4}.Release|Mixed Platforms.Build.0 = Release|Any CPU
		{288EE41A-94F9-460C-90AD-D9CBBD6E95A4}.Release|x86.ActiveCfg = Release|Any CPU
		{F1B3053F-CA67-429F-AD7A-C382F8E9E1AB}.Debug|Any CPU.ActiveCfg = Debug|Any CPU
		{F1B3053F-CA67-429F-AD7A-C382F8E9E1AB}.Debug|Any CPU.Build.0 = Debug|Any CPU
		{F1B3053F-CA67-429F-AD7A-C382F8E9E1AB}.Debug|Mixed Platforms.ActiveCfg = Debug|Any CPU
		{F1B3053F-CA67-429F-AD7A-C382F8E9E1AB}.Debug|Mixed Platforms.Build.0 = Debug|Any CPU
		{F1B3053F-CA67-429F-AD7A-C382F8E9E1AB}.Debug|x86.ActiveCfg = Debug|Any CPU
		{F1B3053F-CA67-429F-AD7A-C382F8E9E1AB}.Release|Any CPU.ActiveCfg = Release|Any CPU
		{F1B3053F-CA67-429F-AD7A-C382F8E9E1AB}.Release|Any CPU.Build.0 = Release|Any CPU
		{F1B3053F-CA67-429F-AD7A-C382F8E9E1AB}.Release|Mixed Platforms.ActiveCfg = Release|Any CPU
		{F1B3053F-CA67-429F-AD7A-C382F8E9E1AB}.Release|Mixed Platforms.Build.0 = Release|Any CPU
		{F1B3053F-CA67-429F-AD7A-C382F8E9E1AB}.Release|x86.ActiveCfg = Release|Any CPU
		{76F89DD7-E1CB-413B-8BBD-AB12C0B7D1E0}.Debug|Any CPU.ActiveCfg = Debug|Any CPU
		{76F89DD7-E1CB-413B-8BBD-AB12C0B7D1E0}.Debug|Any CPU.Build.0 = Debug|Any CPU
		{76F89DD7-E1CB-413B-8BBD-AB12C0B7D1E0}.Debug|Mixed Platforms.ActiveCfg = Debug|Any CPU
		{76F89DD7-E1CB-413B-8BBD-AB12C0B7D1E0}.Debug|Mixed Platforms.Build.0 = Debug|Any CPU
		{76F89DD7-E1CB-413B-8BBD-AB12C0B7D1E0}.Debug|x86.ActiveCfg = Debug|Any CPU
		{76F89DD7-E1CB-413B-8BBD-AB12C0B7D1E0}.Release|Any CPU.ActiveCfg = Release|Any CPU
		{76F89DD7-E1CB-413B-8BBD-AB12C0B7D1E0}.Release|Any CPU.Build.0 = Release|Any CPU
		{76F89DD7-E1CB-413B-8BBD-AB12C0B7D1E0}.Release|Mixed Platforms.ActiveCfg = Release|Any CPU
		{76F89DD7-E1CB-413B-8BBD-AB12C0B7D1E0}.Release|Mixed Platforms.Build.0 = Release|Any CPU
		{76F89DD7-E1CB-413B-8BBD-AB12C0B7D1E0}.Release|x86.ActiveCfg = Release|Any CPU
		{4BAAF82B-552C-4C83-A92A-3546E6A3E4CB}.Debug|Any CPU.ActiveCfg = Debug|Any CPU
		{4BAAF82B-552C-4C83-A92A-3546E6A3E4CB}.Debug|Any CPU.Build.0 = Debug|Any CPU
		{4BAAF82B-552C-4C83-A92A-3546E6A3E4CB}.Debug|Mixed Platforms.ActiveCfg = Debug|Any CPU
		{4BAAF82B-552C-4C83-A92A-3546E6A3E4CB}.Debug|Mixed Platforms.Build.0 = Debug|Any CPU
		{4BAAF82B-552C-4C83-A92A-3546E6A3E4CB}.Debug|x86.ActiveCfg = Debug|Any CPU
		{4BAAF82B-552C-4C83-A92A-3546E6A3E4CB}.Release|Any CPU.ActiveCfg = Release|Any CPU
		{4BAAF82B-552C-4C83-A92A-3546E6A3E4CB}.Release|Any CPU.Build.0 = Release|Any CPU
		{4BAAF82B-552C-4C83-A92A-3546E6A3E4CB}.Release|Mixed Platforms.ActiveCfg = Release|Any CPU
		{4BAAF82B-552C-4C83-A92A-3546E6A3E4CB}.Release|Mixed Platforms.Build.0 = Release|Any CPU
		{4BAAF82B-552C-4C83-A92A-3546E6A3E4CB}.Release|x86.ActiveCfg = Release|Any CPU
		{9A202139-0494-4CB5-94CF-8136EC0084AB}.Debug|Any CPU.ActiveCfg = Debug|Any CPU
		{9A202139-0494-4CB5-94CF-8136EC0084AB}.Debug|Any CPU.Build.0 = Debug|Any CPU
		{9A202139-0494-4CB5-94CF-8136EC0084AB}.Debug|Mixed Platforms.ActiveCfg = Debug|Any CPU
		{9A202139-0494-4CB5-94CF-8136EC0084AB}.Debug|Mixed Platforms.Build.0 = Debug|Any CPU
		{9A202139-0494-4CB5-94CF-8136EC0084AB}.Debug|x86.ActiveCfg = Debug|Any CPU
		{9A202139-0494-4CB5-94CF-8136EC0084AB}.Release|Any CPU.ActiveCfg = Release|Any CPU
		{9A202139-0494-4CB5-94CF-8136EC0084AB}.Release|Any CPU.Build.0 = Release|Any CPU
		{9A202139-0494-4CB5-94CF-8136EC0084AB}.Release|Mixed Platforms.ActiveCfg = Release|Any CPU
		{9A202139-0494-4CB5-94CF-8136EC0084AB}.Release|Mixed Platforms.Build.0 = Release|Any CPU
		{9A202139-0494-4CB5-94CF-8136EC0084AB}.Release|x86.ActiveCfg = Release|Any CPU
		{02698DF9-903F-4870-A482-F2F5E00928F2}.Debug|Any CPU.ActiveCfg = Debug|Any CPU
		{02698DF9-903F-4870-A482-F2F5E00928F2}.Debug|Any CPU.Build.0 = Debug|Any CPU
		{02698DF9-903F-4870-A482-F2F5E00928F2}.Debug|Mixed Platforms.ActiveCfg = Debug|Any CPU
		{02698DF9-903F-4870-A482-F2F5E00928F2}.Debug|Mixed Platforms.Build.0 = Debug|Any CPU
		{02698DF9-903F-4870-A482-F2F5E00928F2}.Debug|x86.ActiveCfg = Debug|Any CPU
		{02698DF9-903F-4870-A482-F2F5E00928F2}.Release|Any CPU.ActiveCfg = Release|Any CPU
		{02698DF9-903F-4870-A482-F2F5E00928F2}.Release|Any CPU.Build.0 = Release|Any CPU
		{02698DF9-903F-4870-A482-F2F5E00928F2}.Release|Mixed Platforms.ActiveCfg = Release|Any CPU
		{02698DF9-903F-4870-A482-F2F5E00928F2}.Release|Mixed Platforms.Build.0 = Release|Any CPU
		{02698DF9-903F-4870-A482-F2F5E00928F2}.Release|x86.ActiveCfg = Release|Any CPU
		{3303303E-46C0-4D43-8D4E-F7C852B6668A}.Debug|Any CPU.ActiveCfg = Debug|Any CPU
		{3303303E-46C0-4D43-8D4E-F7C852B6668A}.Debug|Any CPU.Build.0 = Debug|Any CPU
		{3303303E-46C0-4D43-8D4E-F7C852B6668A}.Debug|Mixed Platforms.ActiveCfg = Debug|Any CPU
		{3303303E-46C0-4D43-8D4E-F7C852B6668A}.Debug|Mixed Platforms.Build.0 = Debug|Any CPU
		{3303303E-46C0-4D43-8D4E-F7C852B6668A}.Debug|x86.ActiveCfg = Debug|Any CPU
		{3303303E-46C0-4D43-8D4E-F7C852B6668A}.Release|Any CPU.ActiveCfg = Release|Any CPU
		{3303303E-46C0-4D43-8D4E-F7C852B6668A}.Release|Any CPU.Build.0 = Release|Any CPU
		{3303303E-46C0-4D43-8D4E-F7C852B6668A}.Release|Mixed Platforms.ActiveCfg = Release|Any CPU
		{3303303E-46C0-4D43-8D4E-F7C852B6668A}.Release|Mixed Platforms.Build.0 = Release|Any CPU
		{3303303E-46C0-4D43-8D4E-F7C852B6668A}.Release|x86.ActiveCfg = Release|Any CPU
		{013E1DA5-0298-4B52-AE49-276B41B4FBCB}.Debug|Any CPU.ActiveCfg = Debug|Any CPU
		{013E1DA5-0298-4B52-AE49-276B41B4FBCB}.Debug|Any CPU.Build.0 = Debug|Any CPU
		{013E1DA5-0298-4B52-AE49-276B41B4FBCB}.Debug|Mixed Platforms.ActiveCfg = Debug|Any CPU
		{013E1DA5-0298-4B52-AE49-276B41B4FBCB}.Debug|Mixed Platforms.Build.0 = Debug|Any CPU
		{013E1DA5-0298-4B52-AE49-276B41B4FBCB}.Debug|x86.ActiveCfg = Debug|Any CPU
		{013E1DA5-0298-4B52-AE49-276B41B4FBCB}.Release|Any CPU.ActiveCfg = Release|Any CPU
		{013E1DA5-0298-4B52-AE49-276B41B4FBCB}.Release|Any CPU.Build.0 = Release|Any CPU
		{013E1DA5-0298-4B52-AE49-276B41B4FBCB}.Release|Mixed Platforms.ActiveCfg = Release|Any CPU
		{013E1DA5-0298-4B52-AE49-276B41B4FBCB}.Release|Mixed Platforms.Build.0 = Release|Any CPU
		{013E1DA5-0298-4B52-AE49-276B41B4FBCB}.Release|x86.ActiveCfg = Release|Any CPU
	EndGlobalSection
	GlobalSection(SolutionProperties) = preSolution
		HideSolutionNode = FALSE
	EndGlobalSection
EndGlobal
